lockfileVersion: '6.0'

settings:
  autoInstallPeers: true
  excludeLinksFromLockfile: false

dependencies:
  '@visx/network':
    specifier: ^3.3.0
    version: 3.3.0(react@18.2.0)
  '@visx/responsive':
    specifier: ^3.3.0
    version: 3.3.0(react@18.2.0)
  force-graph:
    specifier: ^1.43.4
    version: 1.43.4
  neovis.js:
    specifier: ^2.1.0
    version: 2.1.0(@egjs/hammerjs@2.0.17)(component-emitter@1.3.0)(keycharm@0.4.0)(uuid@9.0.1)(vis-data@7.1.7)(vis-util@5.0.5)
  react-force-graph-2d:
    specifier: ^1.25.1
    version: 1.25.1(react@18.2.0)

packages:

  /@babel/runtime-corejs3@7.23.2:
    resolution: {integrity: sha512-54cIh74Z1rp4oIjsHjqN+WM4fMyCBYe+LpZ9jWm51CZ1fbH3SkAzQD/3XLoNkjbJ7YEmjobLXyvQrFypRHOrXw==}
    engines: {node: '>=6.9.0'}
    dependencies:
      core-js-pure: 3.33.0
      regenerator-runtime: 0.14.0
    dev: false

  /@babel/runtime@7.23.2:
    resolution: {integrity: sha512-mM8eg4yl5D6i3lu2QKPuPH4FArvJ8KhTofbE7jwMUv9KX5mBvwPAqnV3MlyBNqdp9RyRKP6Yck8TrfYrPvX3bg==}
    engines: {node: '>=6.9.0'}
    dependencies:
      regenerator-runtime: 0.14.0
    dev: false

  /@egjs/hammerjs@2.0.17:
    resolution: {integrity: sha512-XQsZgjm2EcVUiZQf11UBJQfmZeEmOW8DpI1gsFeln6w0ae0ii4dMQEQ0kjl6DspdWX1aGY1/loyXnP0JS06e/A==}
    engines: {node: '>=0.8.0'}
    dependencies:
      '@types/hammerjs': 2.0.42
    dev: false

  /@tweenjs/tween.js@21.0.0:
    resolution: {integrity: sha512-qVfOiFh0U8ZSkLgA6tf7kj2MciqRbSCWaJZRwftVO7UbtVDNsZAXpWXqvCDtIefvjC83UJB+vHTDOGm5ibXjEA==}
    dev: false

  /@types/hammerjs@2.0.42:
    resolution: {integrity: sha512-Xxk14BrwHnGi0xlURPRb+Y0UNn2w3cTkeFm7pKMsYOaNgH/kabbJLhcBoNIodwsbTz7Z8KcWjtDvlGH0nc0U9w==}
    dev: false

  /@types/lodash@4.14.199:
    resolution: {integrity: sha512-Vrjz5N5Ia4SEzWWgIVwnHNEnb1UE1XMkvY5DGXrAeOGE9imk0hgTHh5GyDjLDJi9OTCn9oo9dXH1uToK1VRfrg==}
    dev: false

  /@types/prop-types@15.7.8:
    resolution: {integrity: sha512-kMpQpfZKSCBqltAJwskgePRaYRFukDkm1oItcAbC3gNELR20XIBcN9VRgg4+m8DKsTfkWeA4m4Imp4DDuWy7FQ==}
    dev: false

  /@types/react@18.2.28:
    resolution: {integrity: sha512-ad4aa/RaaJS3hyGz0BGegdnSRXQBkd1CCYDCdNjBPg90UUpLgo+WlJqb9fMYUxtehmzF3PJaTWqRZjko6BRzBg==}
    dependencies:
      '@types/prop-types': 15.7.8
      '@types/scheduler': 0.16.4
      csstype: 3.1.2
    dev: false

  /@types/scheduler@0.16.4:
    resolution: {integrity: sha512-2L9ifAGl7wmXwP4v3pN4p2FLhD0O1qsJpvKmNin5VA8+UvNVb447UDaAEV6UdrkA+m/Xs58U1RFps44x6TFsVQ==}
    dev: false

  /@visx/group@3.3.0(react@18.2.0):
    resolution: {integrity: sha512-yKepDKwJqlzvnvPS0yDuW13XNrYJE4xzT6xM7J++441nu6IybWWwextyap8ey+kU651cYDb+q1Oi6aHvQwyEyw==}
    peerDependencies:
      react: ^16.0.0-0 || ^17.0.0-0 || ^18.0.0-0
    dependencies:
      '@types/react': 18.2.28
      classnames: 2.3.2
      prop-types: 15.8.1
      react: 18.2.0
    dev: false

  /@visx/network@3.3.0(react@18.2.0):
    resolution: {integrity: sha512-D4uRFQ+QKSyiDQ6YpjuC082yMllCKtv+KwDcNpyv8XNBkFm3LJuDKpIY4CDCrLeLhOiOTAfyEH7GV/cOcKiw5A==}
    peerDependencies:
      react: ^16.3.0-0 || ^17.0.0-0 || ^18.0.0-0
    dependencies:
      '@types/react': 18.2.28
      '@visx/group': 3.3.0(react@18.2.0)
      classnames: 2.3.2
      prop-types: 15.8.1
      react: 18.2.0
    dev: false

  /@visx/responsive@3.3.0(react@18.2.0):
    resolution: {integrity: sha512-Y3Bgrh6cJ760lG6yXsxJRNCmYZAHKQqSmTG2qxJ8yImledieGEqI0ZizXJgFkxoBaZK5gSMvFsmFWKtf7a86kQ==}
    peerDependencies:
      react: ^16.0.0-0 || ^17.0.0-0 || ^18.0.0-0
    dependencies:
      '@types/lodash': 4.14.199
      '@types/react': 18.2.28
      lodash: 4.17.21
      prop-types: 15.8.1
      react: 18.2.0
    dev: false

  /accessor-fn@1.5.0:
    resolution: {integrity: sha512-dml7D96DY/K5lt4Ra2jMnpL9Bhw5HEGws4p1OAIxFFj9Utd/RxNfEO3T3f0QIWFNwQU7gNxH9snUfqF/zNkP/w==}
    engines: {node: '>=12'}
    dev: false

  /base64-js@1.5.1:
    resolution: {integrity: sha512-AKpaYlHn8t4SVbOHCy+b5+KKgvR4vrsD8vbvrbiQJps7fKDTkjkDry6ji0rUJjC0kzbNePLwzxq8iypo41qeWA==}
    dev: false

  /bezier-js@6.1.4:
    resolution: {integrity: sha512-PA0FW9ZpcHbojUCMu28z9Vg/fNkwTj5YhusSAjHHDfHDGLxJ6YUKrAN2vk1fP2MMOxVw4Oko16FMlRGVBGqLKg==}
    dev: false

  /buffer@6.0.3:
    resolution: {integrity: sha512-FTiCpNxtwiZZHEZbcbTIcZjERVICn9yq/pDFkTl95/AxzD1naBctN7YO68riM/gLSDY7sdrMby8hofADYuuqOA==}
    dependencies:
      base64-js: 1.5.1
      ieee754: 1.2.1
    dev: false

  /canvas-color-tracker@1.2.1:
    resolution: {integrity: sha512-i5clg2pEdaWqHuEM/B74NZNLkHh5+OkXbA/T4iaBiaNDagkOCXkLNrhqUfdUugsRwuaNRU20e/OygzxWRor3yg==}
    engines: {node: '>=12'}
    dependencies:
      tinycolor2: 1.6.0
    dev: false

  /classnames@2.3.2:
    resolution: {integrity: sha512-CSbhY4cFEJRe6/GQzIk5qXZ4Jeg5pcsP7b5peFSDpffpe1cqjASH/n9UTjBwOp6XpMSTwQ8Za2K5V02ueA7Tmw==}
    dev: false

  /component-emitter@1.3.0:
    resolution: {integrity: sha512-Rd3se6QB+sO1TwqZjscQrurpEPIfO0/yYnSin6Q/rD3mOutHvUrCAhJub3r90uNb+SESBuE0QYoB90YdfatsRg==}
    dev: false

  /core-js-pure@3.33.0:
    resolution: {integrity: sha512-FKSIDtJnds/YFIEaZ4HszRX7hkxGpNKM7FC9aJ9WLJbSd3lD4vOltFuVIBLR8asSx9frkTSqL0dw90SKQxgKrg==}
    requiresBuild: true
    dev: false

  /csstype@3.1.2:
    resolution: {integrity: sha512-I7K1Uu0MBPzaFKg4nI5Q7Vs2t+3gWWW648spaF+Rg7pI9ds18Ugn+lvg4SHczUdKlHI5LWBXyqfS8+DufyBsgQ==}
    dev: false

  /d3-array@3.2.4:
    resolution: {integrity: sha512-tdQAmyA18i4J7wprpYq8ClcxZy3SC31QMeByyCFyRt7BVHdREQZ5lpzoe5mFEYZUWe+oq8HBvk9JjpibyEV4Jg==}
    engines: {node: '>=12'}
    dependencies:
      internmap: 2.0.3
    dev: false

  /d3-binarytree@1.0.2:
    resolution: {integrity: sha512-cElUNH+sHu95L04m92pG73t2MEJXKu+GeKUN1TJkFsu93E5W8E9Sc3kHEGJKgenGvj19m6upSn2EunvMgMD2Yw==}
    dev: false

  /d3-color@3.1.0:
    resolution: {integrity: sha512-zg/chbXyeBtMQ1LbD/WSoW2DpC3I0mpmPdW+ynRTj/x2DAWYrIY7qeZIHidozwV24m4iavr15lNwIwLxRmOxhA==}
    engines: {node: '>=12'}
    dev: false

  /d3-dispatch@3.0.1:
    resolution: {integrity: sha512-rzUyPU/S7rwUflMyLc1ETDeBj0NRuHKKAcvukozwhshr6g6c5d8zh4c2gQjY2bZ0dXeGLWc1PF174P2tVvKhfg==}
    engines: {node: '>=12'}
    dev: false

  /d3-drag@3.0.0:
    resolution: {integrity: sha512-pWbUJLdETVA8lQNJecMxoXfH6x+mO2UQo8rSmZ+QqxcbyA3hfeprFgIT//HW2nlHChWeIIMwS2Fq+gEARkhTkg==}
    engines: {node: '>=12'}
    dependencies:
      d3-dispatch: 3.0.1
      d3-selection: 3.0.0
    dev: false

  /d3-ease@3.0.1:
    resolution: {integrity: sha512-wR/XK3D3XcLIZwpbvQwQ5fK+8Ykds1ip7A2Txe0yxncXSdq1L9skcG7blcedkOX+ZcgxGAmLX1FrRGbADwzi0w==}
    engines: {node: '>=12'}
    dev: false

  /d3-force-3d@3.0.5:
    resolution: {integrity: sha512-tdwhAhoTYZY/a6eo9nR7HP3xSW/C6XvJTbeRpR92nlPzH6OiE+4MliN9feuSFd0tPtEUo+191qOhCTWx3NYifg==}
    engines: {node: '>=12'}
    dependencies:
      d3-binarytree: 1.0.2
      d3-dispatch: 3.0.1
      d3-octree: 1.0.2
      d3-quadtree: 3.0.1
      d3-timer: 3.0.1
    dev: false

  /d3-format@3.1.0:
    resolution: {integrity: sha512-YyUI6AEuY/Wpt8KWLgZHsIU86atmikuoOmCfommt0LYHiQSPjvX2AcFc38PX0CBpr2RCyZhjex+NS/LPOv6YqA==}
    engines: {node: '>=12'}
    dev: false

  /d3-interpolate@3.0.1:
    resolution: {integrity: sha512-3bYs1rOD33uo8aqJfKP3JWPAibgw8Zm2+L9vBKEHJ2Rg+viTR7o5Mmv5mZcieN+FRYaAOWX5SJATX6k1PWz72g==}
    engines: {node: '>=12'}
    dependencies:
      d3-color: 3.1.0
    dev: false

  /d3-octree@1.0.2:
    resolution: {integrity: sha512-Qxg4oirJrNXauiuC94uKMbgxwnhdda9xRLl9ihq45srlJ4Ga3CSgqGcAL8iW7N5CIv4Oz8x3E734ulxyvHPvwA==}
    dev: false

  /d3-quadtree@3.0.1:
    resolution: {integrity: sha512-04xDrxQTDTCFwP5H6hRhsRcb9xxv2RzkcsygFzmkSIOJy3PeRJP7sNk3VRIbKXcog561P9oU0/rVH6vDROAgUw==}
    engines: {node: '>=12'}
    dev: false

  /d3-scale-chromatic@3.0.0:
    resolution: {integrity: sha512-Lx9thtxAKrO2Pq6OO2Ua474opeziKr279P/TKZsMAhYyNDD3EnCffdbgeSYN5O7m2ByQsxtuP2CSDczNUIZ22g==}
    engines: {node: '>=12'}
    dependencies:
      d3-color: 3.1.0
      d3-interpolate: 3.0.1
    dev: false

  /d3-scale@4.0.2:
    resolution: {integrity: sha512-GZW464g1SH7ag3Y7hXjf8RoUuAFIqklOAq3MRl4OaWabTFJY9PN/E1YklhXLh+OQ3fM9yS2nOkCoS+WLZ6kvxQ==}
    engines: {node: '>=12'}
    dependencies:
      d3-array: 3.2.4
      d3-format: 3.1.0
      d3-interpolate: 3.0.1
      d3-time: 3.1.0
      d3-time-format: 4.1.0
    dev: false

  /d3-selection@3.0.0:
    resolution: {integrity: sha512-fmTRWbNMmsmWq6xJV8D19U/gw/bwrHfNXxrIN+HfZgnzqTHp9jOmKMhsTUjXOJnZOdZY9Q28y4yebKzqDKlxlQ==}
    engines: {node: '>=12'}
    dev: false

  /d3-time-format@4.1.0:
    resolution: {integrity: sha512-dJxPBlzC7NugB2PDLwo9Q8JiTR3M3e4/XANkreKSUxF8vvXKqm1Yfq4Q5dl8budlunRVlUUaDUgFt7eA8D6NLg==}
    engines: {node: '>=12'}
    dependencies:
      d3-time: 3.1.0
    dev: false

  /d3-time@3.1.0:
    resolution: {integrity: sha512-VqKjzBLejbSMT4IgbmVgDjpkYrNWUYJnbCGo874u7MMKIWsILRX+OpX/gTk8MqjpT1A/c6HY2dCA77ZN0lkQ2Q==}
    engines: {node: '>=12'}
    dependencies:
      d3-array: 3.2.4
    dev: false

  /d3-timer@3.0.1:
    resolution: {integrity: sha512-ndfJ/JxxMd3nw31uyKoY2naivF+r29V+Lc0svZxe1JvvIRmi8hUsrMvdOwgS1o6uBHmiz91geQ0ylPP0aj1VUA==}
    engines: {node: '>=12'}
    dev: false

  /d3-transition@3.0.1(d3-selection@3.0.0):
    resolution: {integrity: sha512-ApKvfjsSR6tg06xrL434C0WydLr7JewBB3V+/39RMHsaXTOG0zmt/OAXeng5M5LBm0ojmxJrpomQVZ1aPvBL4w==}
    engines: {node: '>=12'}
    peerDependencies:
      d3-selection: 2 - 3
    dependencies:
      d3-color: 3.1.0
      d3-dispatch: 3.0.1
      d3-ease: 3.0.1
      d3-interpolate: 3.0.1
      d3-selection: 3.0.0
      d3-timer: 3.0.1
    dev: false

  /d3-zoom@3.0.0:
    resolution: {integrity: sha512-b8AmV3kfQaqWAuacbPuNbL6vahnOJflOhexLzMMNLga62+/nh0JzvJ0aO/5a5MVgUFGS7Hu1P9P03o3fJkDCyw==}
    engines: {node: '>=12'}
    dependencies:
      d3-dispatch: 3.0.1
      d3-drag: 3.0.0
      d3-interpolate: 3.0.1
      d3-selection: 3.0.0
      d3-transition: 3.0.1(d3-selection@3.0.0)
    dev: false

  /deepmerge@4.3.1:
    resolution: {integrity: sha512-3sUqbMEc77XqpdNO7FRyRog+eW3ph+GYCbj+rK+uYyRMuwsVy0rMiVtPn+QJlKFvWP/1PYpapqYn0Me2knFn+A==}
    engines: {node: '>=0.10.0'}
    dev: false

  /force-graph@1.43.4:
    resolution: {integrity: sha512-xIKcxTpUN12tq8+2ptbWUV68qbCufprNyJEkONzR6R2rmD8E7GljLa5zWqgavXcSQ+GxQOJ21rV8SDQMBB3uGg==}
    engines: {node: '>=12'}
    dependencies:
      '@tweenjs/tween.js': 21.0.0
      accessor-fn: 1.5.0
      bezier-js: 6.1.4
      canvas-color-tracker: 1.2.1
      d3-array: 3.2.4
      d3-drag: 3.0.0
      d3-force-3d: 3.0.5
      d3-scale: 4.0.2
      d3-scale-chromatic: 3.0.0
      d3-selection: 3.0.0
      d3-zoom: 3.0.0
      index-array-by: 1.4.1
      kapsule: 1.14.4
      lodash-es: 4.17.21
    dev: false

  /fromentries@1.3.2:
    resolution: {integrity: sha512-cHEpEQHUg0f8XdtZCc2ZAhrHzKzT0MrFUTcvx+hfxYu7rGMDc5SKoXFh+n4YigxsHXRzc6OrCshdR1bWH6HHyg==}
    dev: false

  /ieee754@1.2.1:
    resolution: {integrity: sha512-dcyqhDvX1C46lXZcVqCpK+FtMRQVdIMN6/Df5js2zouUsqG7I6sFxitIC+7KYK29KdXOLHdu9zL4sFnoVQnqaA==}
    dev: false

  /index-array-by@1.4.1:
    resolution: {integrity: sha512-Zu6THdrxQdyTuT2uA5FjUoBEsFHPzHcPIj18FszN6yXKHxSfGcR4TPLabfuT//E25q1Igyx9xta2WMvD/x9P/g==}
    engines: {node: '>=12'}
    dev: false

  /internmap@2.0.3:
    resolution: {integrity: sha512-5Hh7Y1wQbvY5ooGgPbDaL5iYLAPzMTUrjMulskHLH6wnv/A+1q5rgEaiuqEjB+oxGXIVZs1FF+R/KPN3ZSQYYg==}
    engines: {node: '>=12'}
    dev: false

  /jerrypick@1.1.1:
    resolution: {integrity: sha512-XTtedPYEyVp4t6hJrXuRKr/jHj8SC4z+4K0b396PMkov6muL+i8IIamJIvZWe3jUspgIJak0P+BaWKawMYNBLg==}
    engines: {node: '>=12'}
    dev: false

  /js-tokens@4.0.0:
    resolution: {integrity: sha512-RdJUflcE3cUzKiMqQgsCu06FPu9UdIJO0beYbPhHN4k6apgJtifcoCtT9bcxOpYBtpD2kCM6Sbzg4CausW/PKQ==}
    dev: false

  /kapsule@1.14.4:
    resolution: {integrity: sha512-Ro1US5B5mtyZMM+NqW/0fqcBf9oEO7fG0gYY9FY+BVGo4KaonVsplFfuYx3pZ/GLCQfYE5cONduILLktsYjUpQ==}
    engines: {node: '>=12'}
    dependencies:
      lodash-es: 4.17.21
    dev: false

  /keycharm@0.4.0:
    resolution: {integrity: sha512-TyQTtsabOVv3MeOpR92sIKk/br9wxS+zGj4BG7CR8YbK4jM3tyIBaF0zhzeBUMx36/Q/iQLOKKOT+3jOQtemRQ==}
    dev: false

  /lodash-es@4.17.21:
    resolution: {integrity: sha512-mKnC+QJ9pWVzv+C4/U3rRsHapFfHvQFoFB92e52xeyGMcX6/OlIl78je1u8vePzYZSkkogMPJ2yjxxsb89cxyw==}
    dev: false

  /lodash@4.17.21:
    resolution: {integrity: sha512-v2kDEe57lecTulaDIuNTPy3Ry4gLGJ6Z1O3vE1krgXZNrsQ+LFTGHVxVjcXPs17LhbZVGedAJv8XZ1tvj5FvSg==}
    dev: false

  /loose-envify@1.4.0:
    resolution: {integrity: sha512-lyuxPGr/Wfhrlem2CL/UcnUc1zcqKAImBDzukY7Y5F/yQiNdko6+fRLevlw1HgMySw7f611UIY408EtxRSoK3Q==}
    hasBin: true
    dependencies:
      js-tokens: 4.0.0
    dev: false

  /neo4j-driver-bolt-connection@4.4.11:
    resolution: {integrity: sha512-2sCgx3Lpg7fnYAU/kb9wOKY8ResUeur88MhLNUWyINxa+CMP7aB+t70zBcOlJ7hcCf6ghEiz6ZXhd9WikGW9bA==}
    dependencies:
      buffer: 6.0.3
      neo4j-driver-core: 4.4.11
      string_decoder: 1.3.0
    dev: false

  /neo4j-driver-core@4.4.11:
    resolution: {integrity: sha512-7+7Ue9RNsg5TAwkPvl4/st2ZdktN3qH8A/MYmJkZ6Ait8MuXP8ppTvZ3ugPxbrSOJEwvZYpKqV+FNZ17mOSfcQ==}
    dev: false

  /neo4j-driver@4.4.11:
    resolution: {integrity: sha512-1dhThyuNZt4FIwAlmzsbYNnSn28avjO2TVairuFO3P/aql5iPnwTNGmQJc/MB8BlrzDhOo1+jfAO4pc49XHh1Q==}
    dependencies:
      '@babel/runtime': 7.23.2
      neo4j-driver-bolt-connection: 4.4.11
      neo4j-driver-core: 4.4.11
      rxjs: 6.6.7
    dev: false

  /neovis.js@2.1.0(@egjs/hammerjs@2.0.17)(component-emitter@1.3.0)(keycharm@0.4.0)(uuid@9.0.1)(vis-data@7.1.7)(vis-util@5.0.5):
    resolution: {integrity: sha512-Xceu1qcxbDy7BtYnARl6URp8rArVwJBR9lJHvswdIG6a/BCaMBJzc7UtWU8fQGObrwkKhams6kZIFl4iBIMEjg==}
    dependencies:
      '@babel/runtime-corejs3': 7.23.2
      deepmerge: 4.3.1
      neo4j-driver: 4.4.11
      neo4j-driver-core: 4.4.11
      vis-network: 9.1.7(@egjs/hammerjs@2.0.17)(component-emitter@1.3.0)(keycharm@0.4.0)(uuid@9.0.1)(vis-data@7.1.7)(vis-util@5.0.5)
    transitivePeerDependencies:
      - '@egjs/hammerjs'
      - component-emitter
      - keycharm
      - uuid
      - vis-data
      - vis-util
    dev: false

  /object-assign@4.1.1:
    resolution: {integrity: sha512-rJgTQnkUnH1sFw8yT6VSU3zD3sWmu6sZhIseY8VX+GRu3P6F7Fu+JNDoXfklElbLJSnc3FUQHVe4cU5hj+BcUg==}
    engines: {node: '>=0.10.0'}
    dev: false

  /prop-types@15.8.1:
    resolution: {integrity: sha512-oj87CgZICdulUohogVAR7AjlC0327U4el4L6eAvOqCeudMDVU0NThNaV+b9Df4dXgSP1gXMTnPdhfe/2qDH5cg==}
    dependencies:
      loose-envify: 1.4.0
      object-assign: 4.1.1
      react-is: 16.13.1
    dev: false

  /react-force-graph-2d@1.25.1(react@18.2.0):
    resolution: {integrity: sha512-ghUw8qNUnw1Tl363drzQGK4iyyXaQM2CNCJpnyYgceQhv7ARCo+6dB2DKjZ4WcXwR6bJyDk/jscISEs3ugQiLQ==}
    engines: {node: '>=12'}
    peerDependencies:
      react: '*'
    dependencies:
      force-graph: 1.43.4
      prop-types: 15.8.1
      react: 18.2.0
      react-kapsule: 2.4.0(react@18.2.0)
    dev: false

  /react-is@16.13.1:
    resolution: {integrity: sha512-24e6ynE2H+OKt4kqsOvNd8kBpV65zoxbA4BVsEOB3ARVWQki/DHzaUoC5KuON/BiccDaCCTZBuOcfZs70kR8bQ==}
    dev: false

  /react-kapsule@2.4.0(react@18.2.0):
    resolution: {integrity: sha512-w4Yv9CgWdj8kWGQEPNWFGJJ08dYEZHZpiaFR/DgZjCMBNqv9wus2Gy1qvHVJmJbzvAZbq6jdvFC+NYzEqAlNhQ==}
    engines: {node: '>=12'}
    peerDependencies:
      react: '>=16.13.1'
    dependencies:
      fromentries: 1.3.2
      jerrypick: 1.1.1
      react: 18.2.0
    dev: false

  /react@18.2.0:
    resolution: {integrity: sha512-/3IjMdb2L9QbBdWiW5e3P2/npwMBaU9mHCSCUzNln0ZCYbcfTsGbTJrU/kGemdH2IWmB2ioZ+zkxtmq6g09fGQ==}
    engines: {node: '>=0.10.0'}
    dependencies:
      loose-envify: 1.4.0
    dev: false

  /regenerator-runtime@0.14.0:
    resolution: {integrity: sha512-srw17NI0TUWHuGa5CFGGmhfNIeja30WMBfbslPNhf6JrqQlLN5gcrvig1oqPxiVaXb0oW0XRKtH6Nngs5lKCIA==}
    dev: false

  /rxjs@6.6.7:
    resolution: {integrity: sha512-hTdwr+7yYNIT5n4AMYp85KA6yw2Va0FLa3Rguvbpa4W3I5xynaBZo41cM3XM+4Q6fRMj3sBYIR1VAmZMXYJvRQ==}
    engines: {npm: '>=2.0.0'}
    dependencies:
      tslib: 1.14.1
    dev: false

  /safe-buffer@5.2.1:
    resolution: {integrity: sha512-rp3So07KcdmmKbGvgaNxQSJr7bGVSVk5S9Eq1F+ppbRo70+YeaDxkw5Dd8NPN+GD6bjnYm2VuPuCXmpuYvmCXQ==}
    dev: false

  /string_decoder@1.3.0:
    resolution: {integrity: sha512-hkRX8U1WjJFd8LsDJ2yQ/wWWxaopEsABU1XfkM8A+j0+85JAGppt16cr1Whg6KIbb4okU6Mql6BOj+uup/wKeA==}
    dependencies:
      safe-buffer: 5.2.1
    dev: false

  /tinycolor2@1.6.0:
    resolution: {integrity: sha512-XPaBkWQJdsf3pLKJV9p4qN/S+fm2Oj8AIPo1BTUhg5oxkvm9+SVEGFdhyOz7tTdUTfvxMiAs4sp6/eZO2Ew+pw==}
    dev: false

  /tslib@1.14.1:
    resolution: {integrity: sha512-Xni35NKzjgMrwevysHTCArtLDpPvye8zV/0E4EyYn43P7/7qvQwPh9BGkHewbMulVntbigmcT7rdX3BNo9wRJg==}
    dev: false

  /uuid@9.0.1:
    resolution: {integrity: sha512-b+1eJOlsR9K8HJpow9Ok3fiWOWSIcIzXodvv0rQjVoOVNpWMpxf1wZNpt4y9h10odCNrqnYp1OBzRktckBe3sA==}
    hasBin: true
    dev: false

  /vis-data@7.1.7(uuid@9.0.1)(vis-util@5.0.5):
    resolution: {integrity: sha512-Jfrb6Ixyr3jdqFgpCBWnzb4w7PdD3UjOY6vea9yXixoKSLveUj+rAuxByoRKRvdjhsRtsYCEXG6MXjjx+uvGvQ==}
    peerDependencies:
      uuid: ^3.4.0 || ^7.0.0 || ^8.0.0 || ^9.0.0
      vis-util: ^5.0.1
    dependencies:
      uuid: 9.0.1
      vis-util: 5.0.5(@egjs/hammerjs@2.0.17)(component-emitter@1.3.0)
    dev: false

  /vis-network@9.1.7(@egjs/hammerjs@2.0.17)(component-emitter@1.3.0)(keycharm@0.4.0)(uuid@9.0.1)(vis-data@7.1.7)(vis-util@5.0.5):
    resolution: {integrity: sha512-ET1P5j9g5+HUwJpMMuDT5+bnuofXvqFwH7fllQ9RWcOJwKxR3gnNOW2qwDKvv243WACyf7Kbmih2UkmiQ/4HdA==}
    peerDependencies:
      '@egjs/hammerjs': ^2.0.0
      component-emitter: ^1.3.0
      keycharm: ^0.2.0 || ^0.3.0 || ^0.4.0
      uuid: ^3.4.0 || ^7.0.0 || ^8.0.0 || ^9.0.0
      vis-data: ^6.3.0 || ^7.0.0
      vis-util: ^5.0.1
    dependencies:
      '@egjs/hammerjs': 2.0.17
      component-emitter: 1.3.0
      keycharm: 0.4.0
      uuid: 9.0.1
      vis-data: 7.1.7(uuid@9.0.1)(vis-util@5.0.5)
      vis-util: 5.0.5(@egjs/hammerjs@2.0.17)(component-emitter@1.3.0)
    dev: false

  /vis-util@5.0.5(@egjs/hammerjs@2.0.17)(component-emitter@1.3.0):
    resolution: {integrity: sha512-NQHl/gkJYW7+MEJ0Ed4oo5nsvtUl95rfruZQj69T2oSLBrnDfxUJzBZ00rA5fNuSLW9DL+FemdMOVGvMu6kIrQ==}
    engines: {node: '>=8'}
    peerDependencies:
      '@egjs/hammerjs': ^2.0.0
      component-emitter: ^1.3.0
    dependencies:
      '@egjs/hammerjs': 2.0.17
      component-emitter: 1.3.0
    dev: false
